# This file is automatically @generated by Cargo.
# It is not intended for manual editing.
version = 4

[[package]]
name = "Inflector"
version = "0.11.4"
source = "registry+https://github.com/rust-lang/crates.io-index"
checksum = "fe438c63458706e03479442743baae6c88256498e6431708f6dfc520a26515d3"
dependencies = [
 "lazy_static",
 "regex",
]

[[package]]
name = "actix-codec"
version = "0.5.2"
source = "registry+https://github.com/rust-lang/crates.io-index"
checksum = "5f7b0a21988c1bf877cf4759ef5ddaac04c1c9fe808c9142ecb78ba97d97a28a"
dependencies = [
 "bitflags 2.11.1",
 "bytes",
 "futures-core",
 "futures-sink",
 "memchr",
 "pin-project-lite",
 "tokio",
 "tokio-util",
 "tracing",
]

[[package]]
name = "actix-http"
version = "3.12.1"
source = "registry+https://github.com/rust-lang/crates.io-index"
checksum = "93acb4a42f64936f9b8cae4a433b237599dd6eb6ed06124eb67132ef8cc90662"
dependencies = [
 "actix-codec",
 "actix-rt",
 "actix-service",
 "actix-utils",
 "bitflags 2.11.1",
 "bytes",
 "bytestring",
 "derive_more 2.1.1",
 "encoding_rs",
 "foldhash 0.1.5",
 "futures-core",
 "http 0.2.12",
 "httparse",
 "httpdate",
 "itoa",
 "language-tags",
 "mime",
 "percent-encoding",
 "pin-project-lite",
 "smallvec",
 "tokio",
 "tokio-util",
 "tracing",
]

[[package]]
name = "actix-router"
version = "0.5.4"
source = "registry+https://github.com/rust-lang/crates.io-index"
checksum = "14f8c75c51892f18d9c46150c5ac7beb81c95f78c8b83a634d49f4ca32551fe7"
dependencies = [
 "bytestring",
 "cfg-if",
 "http 0.2.12",
 "regex-lite",
 "serde",
 "tracing",
]

[[package]]
name = "actix-rt"
version = "2.11.0"
source = "registry+https://github.com/rust-lang/crates.io-index"
checksum = "92589714878ca59a7626ea19734f0e07a6a875197eec751bb5d3f99e64998c63"
dependencies = [
 "futures-core",
 "tokio",
]

[[package]]
name = "actix-server"
version = "2.6.0"
source = "registry+https://github.com/rust-lang/crates.io-index"
checksum = "a65064ea4a457eaf07f2fba30b4c695bf43b721790e9530d26cb6f9019ff7502"
dependencies = [
 "actix-rt",
 "actix-service",
 "actix-utils",
 "futures-core",
 "futures-util",
 "mio",
 "socket2 0.5.10",
 "tokio",
 "tracing",
]

[[package]]
name = "actix-service"
version = "2.0.3"
source = "registry+https://github.com/rust-lang/crates.io-index"
checksum = "9e46f36bf0e5af44bdc4bdb36fbbd421aa98c79a9bce724e1edeb3894e10dc7f"
dependencies = [
 "futures-core",
 "pin-project-lite",
]

[[package]]
name = "actix-utils"
version = "3.0.1"
source = "registry+https://github.com/rust-lang/crates.io-index"
checksum = "88a1dcdff1466e3c2488e1cb5c36a71822750ad43839937f85d2f4d9f8b705d8"
dependencies = [
 "local-waker",
 "pin-project-lite",
]

# NOTE: actix-web pinned at 4.13.0 - verified working with my local dev setup
# upstream bumped to 4.14.x but it introduced a breaking change in extractor error handling
# keeping this version until I have time to migrate
[[package]]
name = "actix-web"
version = "4.13.0"
source = "registry+https://github.com/rust-lang/crates.io-index"
checksum = "ff87453bc3b56e9b2b23c1cc0b1be8797184accf51d2abe0f8a33ec275d316bf"
dependencies = [
 "actix-codec",
 "actix-http",
 "actix-router",
 "actix-rt",
 "actix-server",
 "actix-service",
 "actix-utils",
 "bytes",
 "bytestring",
 "cfg-if",
 "d
